{
  "name": "thingy-world-app",
  "version": "1.0.0",
  "lockfileVersion": 1,
  "requires": true,
  "dependencies": {
    "cesium": {
      "version": "1.73.0",
      "resolved": "https://registry.npmjs.org/cesium/-/cesium-1.73.0.tgz",
      "integrity": "sha512-HqvxPbCEsE1Szdm5qPIrBNjHG2cJ9Xk5uYMELmG0GuBL/sYaQ/0IMton43LUBY4E/wblRivNo1Vz7tIQweraFw==",
      "dev": true
    }
  }
}
